
Microsoft Visual Studio Solution File, Format Version 12.00
# Visual Studio 15
VisualStudioVersion = 15.0.27428.2037
MinimumVisualStudioVersion = 10.0.40219.1
Project("{9A19103F-16F7-4668-BE54-9A1E7A4F7556}") = "Observer_ASP.NET_Core", "Observer_ASP.NET_Core\Observer_ASP.NET_Core.csproj", "{AAFDFA36-062A-462B-BD46-2D9BBB23A0BE}"
EndProject
Project("{FAE04EC0-301F-11D3-BF4B-00C04F79EFBC}") = "Observer_ASP.NET_Core_2", "Observer_ASP.NET_Core_2\Observer_ASP.NET_Core_2.csproj", "{CFC5D51E-FC67-4427-8C93-C10B8C8493CF}"
EndProject
Global
	GlobalSection(SolutionConfigurationPlatforms) = preSolution
		Debug|Any CPU = Debug|Any CPU
		Release|Any CPU = Release|Any CPU
	EndGlobalSection
	GlobalSection(ProjectConfigurationPlatforms) = postSolution
		{AAFDFA36-062A-462B-BD46-2D9BBB23A0BE}.Debug|Any CPU.ActiveCfg = Debug|Any CPU
		{AAFDFA36-062A-462B-BD46-2D9BBB23A0BE}.Debug|Any CPU.Build.0 = Debug|Any CPU
		{AAFDFA36-062A-462B-BD46-2D9BBB23A0BE}.Release|Any CPU.ActiveCfg = Release|Any CPU
		{AAFDFA36-062A-462B-BD46-2D9BBB23A0BE}.Release|Any CPU.Build.0 = Release|Any CPU
		{CFC5D51E-FC67-4427-8C93-C10B8C8493CF}.Debug|Any CPU.ActiveCfg = Debug|Any CPU
		{CFC5D51E-FC67-4427-8C93-C10B8C8493CF}.Debug|Any CPU.Build.0 = Debug|Any CPU
		{CFC5D51E-FC67-4427-8C93-C10B8C8493CF}.Release|Any CPU.ActiveCfg = Release|Any CPU
		{CFC5D51E-FC67-4427-8C93-C10B8C8493CF}.Release|Any CPU.Build.0 = Release|Any CPU
	EndGlobalSection
	GlobalSection(SolutionProperties) = preSolution
		HideSolutionNode = FALSE
	EndGlobalSection
	GlobalSection(ExtensibilityGlobals) = postSolution
		SolutionGuid = {5021620D-C973-4BD5-861D-C3E99392144A}
	EndGlobalSection
EndGlobal
